
Microsoft Visual Studio Solution File, Format Version 12.00
# Visual Studio Version 17
VisualStudioVersion = 17.4.33403.182
MinimumVisualStudioVersion = 10.0.40219.1
Project("{FAE04EC0-301F-11D3-BF4B-00C04F79EFBC}") = "Fileopdracht 2", "Fileopdracht 2\Fileopdracht 2.csproj", "{EAC814FF-D191-4FA3-B900-C62D7F966A24}"
EndProject
Global
	GlobalSection(SolutionConfigurationPlatforms) = preSolution
		Debug|Any CPU = Debug|Any CPU
		Release|Any CPU = Release|Any CPU
	EndGlobalSection
	GlobalSection(ProjectConfigurationPlatforms) = postSolution
		{EAC814FF-D191-4FA3-B900-C62D7F966A24}.Debug|Any CPU.ActiveCfg = Debug|Any CPU
		{EAC814FF-D191-4FA3-B900-C62D7F966A24}.Debug|Any CPU.Build.0 = Debug|Any CPU
		{EAC814FF-D191-4FA3-B900-C62D7F966A24}.Release|Any CPU.ActiveCfg = Release|Any CPU
		{EAC814FF-D191-4FA3-B900-C62D7F966A24}.Release|Any CPU.Build.0 = Release|Any CPU
	EndGlobalSection
	GlobalSection(SolutionProperties) = preSolution
		HideSolutionNode = FALSE
	EndGlobalSection
	GlobalSection(ExtensibilityGlobals) = postSolution
		SolutionGuid = {2942129E-8DAC-419C-A853-C47B5A442BB0}
	EndGlobalSection
EndGlobal
