
Microsoft Visual Studio Solution File, Format Version 12.00
# Visual Studio Version 17
VisualStudioVersion = 17.4.33403.182
MinimumVisualStudioVersion = 10.0.40219.1
Project("{FAE04EC0-301F-11D3-BF4B-00C04F79EFBC}") = "FileDirOpdracht", "FileDirOpdracht\FileDirOpdracht.csproj", "{0205459A-DDAD-4FC4-9E12-A11BBCF603A8}"
EndProject
Global
	GlobalSection(SolutionConfigurationPlatforms) = preSolution
		Debug|Any CPU = Debug|Any CPU
		Release|Any CPU = Release|Any CPU
	EndGlobalSection
	GlobalSection(ProjectConfigurationPlatforms) = postSolution
		{0205459A-DDAD-4FC4-9E12-A11BBCF603A8}.Debug|Any CPU.ActiveCfg = Debug|Any CPU
		{0205459A-DDAD-4FC4-9E12-A11BBCF603A8}.Debug|Any CPU.Build.0 = Debug|Any CPU
		{0205459A-DDAD-4FC4-9E12-A11BBCF603A8}.Release|Any CPU.ActiveCfg = Release|Any CPU
		{0205459A-DDAD-4FC4-9E12-A11BBCF603A8}.Release|Any CPU.Build.0 = Release|Any CPU
	EndGlobalSection
	GlobalSection(SolutionProperties) = preSolution
		HideSolutionNode = FALSE
	EndGlobalSection
	GlobalSection(ExtensibilityGlobals) = postSolution
		SolutionGuid = {6EE6DD2E-57B0-405C-A4B8-96F9E4871649}
	EndGlobalSection
EndGlobal
