
Microsoft Visual Studio Solution File, Format Version 12.00
# Visual Studio Version 17
VisualStudioVersion = 17.4.33403.182
MinimumVisualStudioVersion = 10.0.40219.1
Project("{FAE04EC0-301F-11D3-BF4B-00C04F79EFBC}") = "SplitOpdracht", "SplitOpdracht\SplitOpdracht.csproj", "{5E461699-DF9F-425E-BEF4-9661003634C3}"
EndProject
Global
	GlobalSection(SolutionConfigurationPlatforms) = preSolution
		Debug|Any CPU = Debug|Any CPU
		Release|Any CPU = Release|Any CPU
	EndGlobalSection
	GlobalSection(ProjectConfigurationPlatforms) = postSolution
		{5E461699-DF9F-425E-BEF4-9661003634C3}.Debug|Any CPU.ActiveCfg = Debug|Any CPU
		{5E461699-DF9F-425E-BEF4-9661003634C3}.Debug|Any CPU.Build.0 = Debug|Any CPU
		{5E461699-DF9F-425E-BEF4-9661003634C3}.Release|Any CPU.ActiveCfg = Release|Any CPU
		{5E461699-DF9F-425E-BEF4-9661003634C3}.Release|Any CPU.Build.0 = Release|Any CPU
	EndGlobalSection
	GlobalSection(SolutionProperties) = preSolution
		HideSolutionNode = FALSE
	EndGlobalSection
	GlobalSection(ExtensibilityGlobals) = postSolution
		SolutionGuid = {B30AD213-2B96-4C82-8F2F-3909357A4D75}
	EndGlobalSection
EndGlobal
